
Microsoft Visual Studio Solution File, Format Version 12.00
# Visual Studio Version 17
VisualStudioVersion = 17.5.2.0
MinimumVisualStudioVersion = 10.0.40219.1
Project("{2150E333-8FDC-42A3-9474-1A3956D46DE8}") = "src", "src", "{827E0CD3-B72D-47B6-A68D-7590B98EB39B}"
EndProject
Project("{FAE04EC0-301F-11D3-BF4B-00C04F79EFBC}") = "Autopilot.CacheCore", "src\Autopilot.CacheCore\Autopilot.CacheCore.csproj", "{4BA24940-95C2-0F6F-F8D6-4D2C86BF50F9}"
EndProject
Project("{FAE04EC0-301F-11D3-BF4B-00C04F79EFBC}") = "Autopilot.DeviceCore", "src\Autopilot.DeviceCore\Autopilot.DeviceCore.csproj", "{892FD719-B93A-FADC-0E54-409CF9F8041C}"
EndProject
Project("{FAE04EC0-301F-11D3-BF4B-00C04F79EFBC}") = "Autopilot.GraphCore", "src\Autopilot.GraphCore\Autopilot.GraphCore.csproj", "{159DF907-867A-DF70-723E-06ACF0366E04}"
EndProject
Project("{FAE04EC0-301F-11D3-BF4B-00C04F79EFBC}") = "Autopilot.StringCore", "src\Autopilot.StringCore\Autopilot.StringCore.csproj", "{B9A97BEC-0E13-4ACC-8F20-C2537C5BD6AE}"
EndProject
Project("{FAE04EC0-301F-11D3-BF4B-00C04F79EFBC}") = "Autopilot.CsvCore", "src\Autopilot.CsvCore\Autopilot.CsvCore.csproj", "{7C8E1234-5678-90AB-CDEF-1234567890AB}"
EndProject
Project("{FAE04EC0-301F-11D3-BF4B-00C04F79EFBC}") = "Autopilot.CollectionCore", "src\Autopilot.CollectionCore\Autopilot.CollectionCore.csproj", "{8D9F2345-6789-01BC-DEF0-2345678901BC}"
EndProject
Project("{FAE04EC0-301F-11D3-BF4B-00C04F79EFBC}") = "Autopilot.LogViewer.Core", "src\Autopilot.LogViewer.Core\Autopilot.LogViewer.Core.csproj", "{9E0F3456-789A-12CD-EF01-3456789012CD}"
EndProject
Project("{FAE04EC0-301F-11D3-BF4B-00C04F79EFBC}") = "Autopilot.LogViewer.UI", "src\Autopilot.LogViewer.UI\Autopilot.LogViewer.UI.csproj", "{0F1F4567-890B-23DE-F012-4567890123DE}"
EndProject
Global
	GlobalSection(SolutionConfigurationPlatforms) = preSolution
		Debug|Any CPU = Debug|Any CPU
		Debug|x64 = Debug|x64
		Debug|x86 = Debug|x86
		Release|Any CPU = Release|Any CPU
		Release|x64 = Release|x64
		Release|x86 = Release|x86
	EndGlobalSection
	GlobalSection(ProjectConfigurationPlatforms) = postSolution
		{4BA24940-95C2-0F6F-F8D6-4D2C86BF50F9}.Debug|Any CPU.ActiveCfg = Debug|Any CPU
		{4BA24940-95C2-0F6F-F8D6-4D2C86BF50F9}.Debug|Any CPU.Build.0 = Debug|Any CPU
		{4BA24940-95C2-0F6F-F8D6-4D2C86BF50F9}.Debug|x64.ActiveCfg = Debug|Any CPU
		{4BA24940-95C2-0F6F-F8D6-4D2C86BF50F9}.Debug|x64.Build.0 = Debug|Any CPU
		{4BA24940-95C2-0F6F-F8D6-4D2C86BF50F9}.Debug|x86.ActiveCfg = Debug|Any CPU
		{4BA24940-95C2-0F6F-F8D6-4D2C86BF50F9}.Debug|x86.Build.0 = Debug|Any CPU
		{4BA24940-95C2-0F6F-F8D6-4D2C86BF50F9}.Release|Any CPU.ActiveCfg = Release|Any CPU
		{4BA24940-95C2-0F6F-F8D6-4D2C86BF50F9}.Release|Any CPU.Build.0 = Release|Any CPU
		{4BA24940-95C2-0F6F-F8D6-4D2C86BF50F9}.Release|x64.ActiveCfg = Release|Any CPU
		{4BA24940-95C2-0F6F-F8D6-4D2C86BF50F9}.Release|x64.Build.0 = Release|Any CPU
		{4BA24940-95C2-0F6F-F8D6-4D2C86BF50F9}.Release|x86.ActiveCfg = Release|Any CPU
		{4BA24940-95C2-0F6F-F8D6-4D2C86BF50F9}.Release|x86.Build.0 = Release|Any CPU
		{892FD719-B93A-FADC-0E54-409CF9F8041C}.Debug|Any CPU.ActiveCfg = Debug|Any CPU
		{892FD719-B93A-FADC-0E54-409CF9F8041C}.Debug|Any CPU.Build.0 = Debug|Any CPU
		{892FD719-B93A-FADC-0E54-409CF9F8041C}.Debug|x64.ActiveCfg = Debug|Any CPU
		{892FD719-B93A-FADC-0E54-409CF9F8041C}.Debug|x64.Build.0 = Debug|Any CPU
		{892FD719-B93A-FADC-0E54-409CF9F8041C}.Debug|x86.ActiveCfg = Debug|Any CPU
		{892FD719-B93A-FADC-0E54-409CF9F8041C}.Debug|x86.Build.0 = Debug|Any CPU
		{892FD719-B93A-FADC-0E54-409CF9F8041C}.Release|Any CPU.ActiveCfg = Release|Any CPU
		{892FD719-B93A-FADC-0E54-409CF9F8041C}.Release|Any CPU.Build.0 = Release|Any CPU
		{892FD719-B93A-FADC-0E54-409CF9F8041C}.Release|x64.ActiveCfg = Release|Any CPU
		{892FD719-B93A-FADC-0E54-409CF9F8041C}.Release|x64.Build.0 = Release|Any CPU
		{892FD719-B93A-FADC-0E54-409CF9F8041C}.Release|x86.ActiveCfg = Release|Any CPU
		{892FD719-B93A-FADC-0E54-409CF9F8041C}.Release|x86.Build.0 = Release|Any CPU
		{159DF907-867A-DF70-723E-06ACF0366E04}.Debug|Any CPU.ActiveCfg = Debug|Any CPU
		{159DF907-867A-DF70-723E-06ACF0366E04}.Debug|Any CPU.Build.0 = Debug|Any CPU
		{159DF907-867A-DF70-723E-06ACF0366E04}.Debug|x64.ActiveCfg = Debug|Any CPU
		{159DF907-867A-DF70-723E-06ACF0366E04}.Debug|x64.Build.0 = Debug|Any CPU
		{159DF907-867A-DF70-723E-06ACF0366E04}.Debug|x86.ActiveCfg = Debug|Any CPU
		{159DF907-867A-DF70-723E-06ACF0366E04}.Debug|x86.Build.0 = Debug|Any CPU
		{159DF907-867A-DF70-723E-06ACF0366E04}.Release|Any CPU.ActiveCfg = Release|Any CPU
		{159DF907-867A-DF70-723E-06ACF0366E04}.Release|Any CPU.Build.0 = Release|Any CPU
		{159DF907-867A-DF70-723E-06ACF0366E04}.Release|x64.ActiveCfg = Release|Any CPU
		{159DF907-867A-DF70-723E-06ACF0366E04}.Release|x64.Build.0 = Release|Any CPU
		{159DF907-867A-DF70-723E-06ACF0366E04}.Release|x86.ActiveCfg = Release|Any CPU
		{159DF907-867A-DF70-723E-06ACF0366E04}.Release|x86.Build.0 = Release|Any CPU
		{B9A97BEC-0E13-4ACC-8F20-C2537C5BD6AE}.Debug|Any CPU.ActiveCfg = Debug|Any CPU
		{B9A97BEC-0E13-4ACC-8F20-C2537C5BD6AE}.Debug|Any CPU.Build.0 = Debug|Any CPU
		{B9A97BEC-0E13-4ACC-8F20-C2537C5BD6AE}.Debug|x64.ActiveCfg = Debug|Any CPU
		{B9A97BEC-0E13-4ACC-8F20-C2537C5BD6AE}.Debug|x64.Build.0 = Debug|Any CPU
		{B9A97BEC-0E13-4ACC-8F20-C2537C5BD6AE}.Debug|x86.ActiveCfg = Debug|Any CPU
		{B9A97BEC-0E13-4ACC-8F20-C2537C5BD6AE}.Debug|x86.Build.0 = Debug|Any CPU
		{B9A97BEC-0E13-4ACC-8F20-C2537C5BD6AE}.Release|Any CPU.ActiveCfg = Release|Any CPU
		{B9A97BEC-0E13-4ACC-8F20-C2537C5BD6AE}.Release|Any CPU.Build.0 = Release|Any CPU
		{B9A97BEC-0E13-4ACC-8F20-C2537C5BD6AE}.Release|x64.ActiveCfg = Release|Any CPU
		{B9A97BEC-0E13-4ACC-8F20-C2537C5BD6AE}.Release|x64.Build.0 = Release|Any CPU
		{B9A97BEC-0E13-4ACC-8F20-C2537C5BD6AE}.Release|x86.ActiveCfg = Release|Any CPU
		{B9A97BEC-0E13-4ACC-8F20-C2537C5BD6AE}.Release|x86.Build.0 = Release|Any CPU
		{7C8E1234-5678-90AB-CDEF-1234567890AB}.Debug|Any CPU.ActiveCfg = Debug|Any CPU
		{7C8E1234-5678-90AB-CDEF-1234567890AB}.Debug|Any CPU.Build.0 = Debug|Any CPU
		{7C8E1234-5678-90AB-CDEF-1234567890AB}.Debug|x64.ActiveCfg = Debug|Any CPU
		{7C8E1234-5678-90AB-CDEF-1234567890AB}.Debug|x64.Build.0 = Debug|Any CPU
		{7C8E1234-5678-90AB-CDEF-1234567890AB}.Debug|x86.ActiveCfg = Debug|Any CPU
		{7C8E1234-5678-90AB-CDEF-1234567890AB}.Debug|x86.Build.0 = Debug|Any CPU
		{7C8E1234-5678-90AB-CDEF-1234567890AB}.Release|Any CPU.ActiveCfg = Release|Any CPU
		{7C8E1234-5678-90AB-CDEF-1234567890AB}.Release|Any CPU.Build.0 = Release|Any CPU
		{7C8E1234-5678-90AB-CDEF-1234567890AB}.Release|x64.ActiveCfg = Release|Any CPU
		{7C8E1234-5678-90AB-CDEF-1234567890AB}.Release|x64.Build.0 = Release|Any CPU
		{7C8E1234-5678-90AB-CDEF-1234567890AB}.Release|x86.ActiveCfg = Release|Any CPU
		{7C8E1234-5678-90AB-CDEF-1234567890AB}.Release|x86.Build.0 = Release|Any CPU
		{8D9F2345-6789-01BC-DEF0-2345678901BC}.Debug|Any CPU.ActiveCfg = Debug|Any CPU
		{8D9F2345-6789-01BC-DEF0-2345678901BC}.Debug|Any CPU.Build.0 = Debug|Any CPU
		{8D9F2345-6789-01BC-DEF0-2345678901BC}.Debug|x64.ActiveCfg = Debug|Any CPU
		{8D9F2345-6789-01BC-DEF0-2345678901BC}.Debug|x64.Build.0 = Debug|Any CPU
		{8D9F2345-6789-01BC-DEF0-2345678901BC}.Debug|x86.ActiveCfg = Debug|Any CPU
		{8D9F2345-6789-01BC-DEF0-2345678901BC}.Debug|x86.Build.0 = Debug|Any CPU
		{8D9F2345-6789-01BC-DEF0-2345678901BC}.Release|Any CPU.ActiveCfg = Release|Any CPU
		{8D9F2345-6789-01BC-DEF0-2345678901BC}.Release|Any CPU.Build.0 = Release|Any CPU
		{8D9F2345-6789-01BC-DEF0-2345678901BC}.Release|x64.ActiveCfg = Release|Any CPU
		{8D9F2345-6789-01BC-DEF0-2345678901BC}.Release|x64.Build.0 = Release|Any CPU
		{8D9F2345-6789-01BC-DEF0-2345678901BC}.Release|x86.ActiveCfg = Release|Any CPU
		{8D9F2345-6789-01BC-DEF0-2345678901BC}.Release|x86.Build.0 = Release|Any CPU
		{9E0F3456-789A-12CD-EF01-3456789012CD}.Debug|Any CPU.ActiveCfg = Debug|Any CPU
		{9E0F3456-789A-12CD-EF01-3456789012CD}.Debug|Any CPU.Build.0 = Debug|Any CPU
		{9E0F3456-789A-12CD-EF01-3456789012CD}.Debug|x64.ActiveCfg = Debug|Any CPU
		{9E0F3456-789A-12CD-EF01-3456789012CD}.Debug|x64.Build.0 = Debug|Any CPU
		{9E0F3456-789A-12CD-EF01-3456789012CD}.Debug|x86.ActiveCfg = Debug|Any CPU
		{9E0F3456-789A-12CD-EF01-3456789012CD}.Debug|x86.Build.0 = Debug|Any CPU
		{9E0F3456-789A-12CD-EF01-3456789012CD}.Release|Any CPU.ActiveCfg = Release|Any CPU
		{9E0F3456-789A-12CD-EF01-3456789012CD}.Release|Any CPU.Build.0 = Release|Any CPU
		{9E0F3456-789A-12CD-EF01-3456789012CD}.Release|x64.ActiveCfg = Release|Any CPU
		{9E0F3456-789A-12CD-EF01-3456789012CD}.Release|x64.Build.0 = Release|Any CPU
		{9E0F3456-789A-12CD-EF01-3456789012CD}.Release|x86.ActiveCfg = Release|Any CPU
		{9E0F3456-789A-12CD-EF01-3456789012CD}.Release|x86.Build.0 = Release|Any CPU
		{0F1F4567-890B-23DE-F012-4567890123DE}.Debug|Any CPU.ActiveCfg = Debug|Any CPU
		{0F1F4567-890B-23DE-F012-4567890123DE}.Debug|Any CPU.Build.0 = Debug|Any CPU
		{0F1F4567-890B-23DE-F012-4567890123DE}.Debug|x64.ActiveCfg = Debug|Any CPU
		{0F1F4567-890B-23DE-F012-4567890123DE}.Debug|x64.Build.0 = Debug|Any CPU
		{0F1F4567-890B-23DE-F012-4567890123DE}.Debug|x86.ActiveCfg = Debug|Any CPU
		{0F1F4567-890B-23DE-F012-4567890123DE}.Debug|x86.Build.0 = Debug|Any CPU
		{0F1F4567-890B-23DE-F012-4567890123DE}.Release|Any CPU.ActiveCfg = Release|Any CPU
		{0F1F4567-890B-23DE-F012-4567890123DE}.Release|Any CPU.Build.0 = Release|Any CPU
		{0F1F4567-890B-23DE-F012-4567890123DE}.Release|x64.ActiveCfg = Release|Any CPU
		{0F1F4567-890B-23DE-F012-4567890123DE}.Release|x64.Build.0 = Release|Any CPU
		{0F1F4567-890B-23DE-F012-4567890123DE}.Release|x86.ActiveCfg = Release|Any CPU
		{0F1F4567-890B-23DE-F012-4567890123DE}.Release|x86.Build.0 = Release|Any CPU
	EndGlobalSection
	GlobalSection(SolutionProperties) = preSolution
		HideSolutionNode = FALSE
	EndGlobalSection
	GlobalSection(NestedProjects) = preSolution
		{4BA24940-95C2-0F6F-F8D6-4D2C86BF50F9} = {827E0CD3-B72D-47B6-A68D-7590B98EB39B}
		{892FD719-B93A-FADC-0E54-409CF9F8041C} = {827E0CD3-B72D-47B6-A68D-7590B98EB39B}
		{159DF907-867A-DF70-723E-06ACF0366E04} = {827E0CD3-B72D-47B6-A68D-7590B98EB39B}
		{B9A97BEC-0E13-4ACC-8F20-C2537C5BD6AE} = {827E0CD3-B72D-47B6-A68D-7590B98EB39B}
		{7C8E1234-5678-90AB-CDEF-1234567890AB} = {827E0CD3-B72D-47B6-A68D-7590B98EB39B}
		{8D9F2345-6789-01BC-DEF0-2345678901BC} = {827E0CD3-B72D-47B6-A68D-7590B98EB39B}
		{9E0F3456-789A-12CD-EF01-3456789012CD} = {827E0CD3-B72D-47B6-A68D-7590B98EB39B}
		{0F1F4567-890B-23DE-F012-4567890123DE} = {827E0CD3-B72D-47B6-A68D-7590B98EB39B}
	EndGlobalSection
	GlobalSection(ExtensibilityGlobals) = postSolution
		SolutionGuid = {423E0181-B4F6-4291-AF18-93687FEBBA40}
	EndGlobalSection
EndGlobal
